
Microsoft Visual Studio Solution File, Format Version 12.00
# Visual Studio Version 17
VisualStudioVersion = 17.7.34202.233
MinimumVisualStudioVersion = 10.0.40219.1
Project("{9A19103F-16F7-4668-BE54-9A1E7A4F7556}") = "Loader", "Loader.csproj", "{BA740AE7-2719-48F0-8A99-9E09EDE32B69}"
EndProject
Global
	GlobalSection(SolutionConfigurationPlatforms) = preSolution
		Debug|Any CPU = Debug|Any CPU
		Debug|x64 = Debug|x64
		Release|Any CPU = Release|Any CPU
		Release|x64 = Release|x64
	EndGlobalSection
	GlobalSection(ProjectConfigurationPlatforms) = postSolution
		{BA740AE7-2719-48F0-8A99-9E09EDE32B69}.Debug|Any CPU.ActiveCfg = Debug|Any CPU
		{BA740AE7-2719-48F0-8A99-9E09EDE32B69}.Debug|Any CPU.Build.0 = Debug|Any CPU
		{BA740AE7-2719-48F0-8A99-9E09EDE32B69}.Debug|x64.ActiveCfg = Debug|x64
		{BA740AE7-2719-48F0-8A99-9E09EDE32B69}.Debug|x64.Build.0 = Debug|x64
		{BA740AE7-2719-48F0-8A99-9E09EDE32B69}.Release|Any CPU.ActiveCfg = Release|Any CPU
		{BA740AE7-2719-48F0-8A99-9E09EDE32B69}.Release|Any CPU.Build.0 = Release|Any CPU
		{BA740AE7-2719-48F0-8A99-9E09EDE32B69}.Release|x64.ActiveCfg = Release|x64
		{BA740AE7-2719-48F0-8A99-9E09EDE32B69}.Release|x64.Build.0 = Release|x64
	EndGlobalSection
	GlobalSection(SolutionProperties) = preSolution
		HideSolutionNode = FALSE
	EndGlobalSection
	GlobalSection(ExtensibilityGlobals) = postSolution
		SolutionGuid = {9EEB3A3C-D11F-4435-86E3-C517486E5073}
	EndGlobalSection
EndGlobal
